
Microsoft Visual Studio Solution File, Format Version 12.00
# Visual Studio Version 16
VisualStudioVersion = 16.0.30204.135
MinimumVisualStudioVersion = 10.0.40219.1
Project("{FAE04EC0-301F-11D3-BF4B-00C04F79EFBC}") = "PizzaWebAPI", "PizzaWebAPI\PizzaWebAPI.csproj", "{6470D40F-1FC1-449E-A8CD-3E689DBA4DEC}"
EndProject
Project("{FAE04EC0-301F-11D3-BF4B-00C04F79EFBC}") = "PizzaDatabaseAccess", "PizzaDatabaseAccess\PizzaDatabaseAccess.csproj", "{F384C93E-4BBD-4FFE-81BE-91242A7FDEF1}"
EndProject
Global
	GlobalSection(SolutionConfigurationPlatforms) = preSolution
		Debug|Any CPU = Debug|Any CPU
		Release|Any CPU = Release|Any CPU
	EndGlobalSection
	GlobalSection(ProjectConfigurationPlatforms) = postSolution
		{6470D40F-1FC1-449E-A8CD-3E689DBA4DEC}.Debug|Any CPU.ActiveCfg = Debug|Any CPU
		{6470D40F-1FC1-449E-A8CD-3E689DBA4DEC}.Debug|Any CPU.Build.0 = Debug|Any CPU
		{6470D40F-1FC1-449E-A8CD-3E689DBA4DEC}.Release|Any CPU.ActiveCfg = Release|Any CPU
		{6470D40F-1FC1-449E-A8CD-3E689DBA4DEC}.Release|Any CPU.Build.0 = Release|Any CPU
		{F384C93E-4BBD-4FFE-81BE-91242A7FDEF1}.Debug|Any CPU.ActiveCfg = Debug|Any CPU
		{F384C93E-4BBD-4FFE-81BE-91242A7FDEF1}.Debug|Any CPU.Build.0 = Debug|Any CPU
		{F384C93E-4BBD-4FFE-81BE-91242A7FDEF1}.Release|Any CPU.ActiveCfg = Release|Any CPU
		{F384C93E-4BBD-4FFE-81BE-91242A7FDEF1}.Release|Any CPU.Build.0 = Release|Any CPU
	EndGlobalSection
	GlobalSection(SolutionProperties) = preSolution
		HideSolutionNode = FALSE
	EndGlobalSection
	GlobalSection(ExtensibilityGlobals) = postSolution
		SolutionGuid = {B5E20776-42FD-470F-872B-79B60940150A}
	EndGlobalSection
EndGlobal
